dependencies:
- name: kube-prometheus-stack
  repository: https://prometheus-community.github.io/helm-charts
  version: 68.3.0
- name: prometheus-adapter
  repository: https://prometheus-community.github.io/helm-charts
  version: 4.11.0
- name: rabbitmq-cluster-operator
  repository: https://charts.bitnami.com/bitnami
  version: 4.4.2
- name: ingress-nginx
  repository: https://kubernetes.github.io/ingress-nginx
  version: 4.12.0
digest: sha256:e7c8725b43f4494f58b599c5f733fb680f5a4fae671a63d190fe0ed3ec5d7250
generated: "2025-01-26T13:32:52.220328512+01:00"
